
Microsoft Visual Studio Solution File, Format Version 12.00
# Visual Studio Version 17
VisualStudioVersion = 17.14.36518.9
MinimumVisualStudioVersion = 10.0.40219.1
Project("{FAE04EC0-301F-11D3-BF4B-00C04F79EFBC}") = "BlogApp.Web", "BlogApp.Web\BlogApp.Web.csproj", "{2D522DF0-35CB-4655-837C-DD23E4F577FD}"
EndProject
Project("{FAE04EC0-301F-11D3-BF4B-00C04F79EFBC}") = "BlogApp.Tests", "BlogApp.Tests\BlogApp.Tests.csproj", "{83828C64-8B10-479E-826A-1B7E9F2B93BB}"
EndProject
Project("{2150E333-8FDC-42A3-9474-1A3956D46DE8}") = "SolutionItems", "SolutionItems", "{02EA681E-C7D8-13C7-8484-4AC65E1B71E8}"
	ProjectSection(SolutionItems) = preProject
		.gitignore = .gitignore
		.github\workflows\cd.yaml = .github\workflows\cd.yaml
		.github\workflows\ci.yaml = .github\workflows\ci.yaml
	EndProjectSection
EndProject
Global
	GlobalSection(SolutionConfigurationPlatforms) = preSolution
		Debug|Any CPU = Debug|Any CPU
		Release|Any CPU = Release|Any CPU
	EndGlobalSection
	GlobalSection(ProjectConfigurationPlatforms) = postSolution
		{2D522DF0-35CB-4655-837C-DD23E4F577FD}.Debug|Any CPU.ActiveCfg = Release|Any CPU
		{2D522DF0-35CB-4655-837C-DD23E4F577FD}.Debug|Any CPU.Build.0 = Release|Any CPU
		{2D522DF0-35CB-4655-837C-DD23E4F577FD}.Release|Any CPU.ActiveCfg = Release|Any CPU
		{2D522DF0-35CB-4655-837C-DD23E4F577FD}.Release|Any CPU.Build.0 = Release|Any CPU
		{83828C64-8B10-479E-826A-1B7E9F2B93BB}.Debug|Any CPU.ActiveCfg = Debug|Any CPU
		{83828C64-8B10-479E-826A-1B7E9F2B93BB}.Debug|Any CPU.Build.0 = Debug|Any CPU
		{83828C64-8B10-479E-826A-1B7E9F2B93BB}.Release|Any CPU.ActiveCfg = Release|Any CPU
		{83828C64-8B10-479E-826A-1B7E9F2B93BB}.Release|Any CPU.Build.0 = Release|Any CPU
	EndGlobalSection
	GlobalSection(SolutionProperties) = preSolution
		HideSolutionNode = FALSE
	EndGlobalSection
	GlobalSection(ExtensibilityGlobals) = postSolution
		SolutionGuid = {0FF0477C-13A6-4EA7-AA30-CE20FC40BC2B}
	EndGlobalSection
EndGlobal
